# THIS IS AN AUTOGENERATED FILE. DO NOT EDIT THIS FILE DIRECTLY.
# yarn lockfile v1


abbrev@1:
  version "1.1.0"
  resolved "https://registry.npmjs.org/abbrev/-/abbrev-1.1.0.tgz"

accepts@~1.3.3:
  version "1.3.4"
  resolved "https://registry.npmjs.org/accepts/-/accepts-1.3.4.tgz"
  dependencies:
    mime-types "~2.1.16"
    negotiator "0.6.1"

ansi-align@^2.0.0:
  version "2.0.0"
  resolved "https://registry.npmjs.org/ansi-align/-/ansi-align-2.0.0.tgz"
  dependencies:
    string-width "^2.0.0"

ansi-regex@^0.2.0, ansi-regex@^0.2.1:
  version "0.2.1"
  resolved "https://registry.npmjs.org/ansi-regex/-/ansi-regex-0.2.1.tgz"

ansi-regex@^2.0.0:
  version "2.1.1"
  resolved "https://registry.npmjs.org/ansi-regex/-/ansi-regex-2.1.1.tgz"

ansi-regex@^3.0.0:
  version "3.0.0"
  resolved "https://registry.npmjs.org/ansi-regex/-/ansi-regex-3.0.0.tgz"

ansi-styles@^1.1.0:
  version "1.1.0"
  resolved "https://registry.npmjs.org/ansi-styles/-/ansi-styles-1.1.0.tgz"

ansi-styles@^2.2.1:
  version "2.2.1"
  resolved "https://registry.npmjs.org/ansi-styles/-/ansi-styles-2.2.1.tgz"

ansi-styles@^3.1.0:
  version "3.2.0"
  resolved "https://registry.npmjs.org/ansi-styles/-/ansi-styles-3.2.0.tgz"
  dependencies:
    color-convert "^1.9.0"

anymatch@^1.3.0:
  version "1.3.2"
  resolved "https://registry.npmjs.org/anymatch/-/anymatch-1.3.2.tgz"
  dependencies:
    micromatch "^2.1.5"
    normalize-path "^2.0.0"

arr-diff@^2.0.0:
  version "2.0.0"
  resolved "https://registry.npmjs.org/arr-diff/-/arr-diff-2.0.0.tgz"
  dependencies:
    arr-flatten "^1.0.1"

arr-flatten@^1.0.1:
  version "1.1.0"
  resolved "https://registry.npmjs.org/arr-flatten/-/arr-flatten-1.1.0.tgz"

array-flatten@1.1.1:
  version "1.1.1"
  resolved "https://registry.npmjs.org/array-flatten/-/array-flatten-1.1.1.tgz"

array-unique@^0.2.1:
  version "0.2.1"
  resolved "https://registry.npmjs.org/array-unique/-/array-unique-0.2.1.tgz"

async-each@^1.0.0:
  version "1.0.1"
  resolved "https://registry.npmjs.org/async-each/-/async-each-1.0.1.tgz"

axios@^0.16.2:
  version "0.16.2"
  resolved "https://registry.npmjs.org/axios/-/axios-0.16.2.tgz"
  dependencies:
    follow-redirects "^1.2.3"
    is-buffer "^1.1.5"

balanced-match@^1.0.0:
  version "1.0.0"
  resolved "https://registry.npmjs.org/balanced-match/-/balanced-match-1.0.0.tgz"

binary-extensions@^1.0.0:
  version "1.10.0"
  resolved "https://registry.npmjs.org/binary-extensions/-/binary-extensions-1.10.0.tgz"

bindings@^1.5.0:
  version "1.5.0"
  resolved "https://registry.yarnpkg.com/bindings/-/bindings-1.5.0.tgz#10353c9e945334bc0511a6d90b38fbc7c9c504df"
  dependencies:
    file-uri-to-path "1.0.0"

bluebird@3.5.1:
  version "3.5.1"
  resolved "https://registry.yarnpkg.com/bluebird/-/bluebird-3.5.1.tgz#d9551f9de98f1fcda1e683d17ee91a0602ee2eb9"

body-parser@^1.18.1:
  version "1.18.2"
  resolved "https://registry.npmjs.org/body-parser/-/body-parser-1.18.2.tgz"
  dependencies:
    bytes "3.0.0"
    content-type "~1.0.4"
    debug "2.6.9"
    depd "~1.1.1"
    http-errors "~1.6.2"
    iconv-lite "0.4.19"
    on-finished "~2.3.0"
    qs "6.5.1"
    raw-body "2.3.2"
    type-is "~1.6.15"

boxen@^1.0.0:
  version "1.2.1"
  resolved "https://registry.npmjs.org/boxen/-/boxen-1.2.1.tgz"
  dependencies:
    ansi-align "^2.0.0"
    camelcase "^4.0.0"
    chalk "^2.0.1"
    cli-boxes "^1.0.0"
    string-width "^2.0.0"
    term-size "^1.2.0"
    widest-line "^1.0.0"

brace-expansion@^1.1.7:
  version "1.1.8"
  resolved "https://registry.npmjs.org/brace-expansion/-/brace-expansion-1.1.8.tgz"
  dependencies:
    balanced-match "^1.0.0"
    concat-map "0.0.1"

braces@^1.8.2:
  version "1.8.5"
  resolved "https://registry.npmjs.org/braces/-/braces-1.8.5.tgz"
  dependencies:
    expand-range "^1.8.1"
    preserve "^0.2.0"
    repeat-element "^1.1.2"

bson@^1.1.1, bson@~1.1.1:
  version "1.1.6"
  resolved "https://registry.yarnpkg.com/bson/-/bson-1.1.6.tgz#fb819be9a60cd677e0853aee4ca712a785d6618a"

buffer-shims@~1.0.0:
  version "1.0.0"
  resolved "https://registry.npmjs.org/buffer-shims/-/buffer-shims-1.0.0.tgz"

bytes@3.0.0:
  version "3.0.0"
  resolved "https://registry.npmjs.org/bytes/-/bytes-3.0.0.tgz"

camelcase@^4.0.0:
  version "4.1.0"
  resolved "https://registry.npmjs.org/camelcase/-/camelcase-4.1.0.tgz"

capture-stack-trace@^1.0.0:
  version "1.0.0"
  resolved "https://registry.npmjs.org/capture-stack-trace/-/capture-stack-trace-1.0.0.tgz"

chalk@0.5.1:
  version "0.5.1"
  resolved "https://registry.npmjs.org/chalk/-/chalk-0.5.1.tgz"
  dependencies:
    ansi-styles "^1.1.0"
    escape-string-regexp "^1.0.0"
    has-ansi "^0.1.0"
    strip-ansi "^0.3.0"
    supports-color "^0.2.0"

chalk@^1.0.0:
  version "1.1.3"
  resolved "https://registry.npmjs.org/chalk/-/chalk-1.1.3.tgz"
  dependencies:
    ansi-styles "^2.2.1"
    escape-string-regexp "^1.0.2"
    has-ansi "^2.0.0"
    strip-ansi "^3.0.0"
    supports-color "^2.0.0"

chalk@^2.0.1:
  version "2.1.0"
  resolved "https://registry.npmjs.org/chalk/-/chalk-2.1.0.tgz"
  dependencies:
    ansi-styles "^3.1.0"
    escape-string-regexp "^1.0.5"
    supports-color "^4.0.0"

chokidar@^1.7.0:
  version "1.7.0"
  resolved "https://registry.npmjs.org/chokidar/-/chokidar-1.7.0.tgz"
  dependencies:
    anymatch "^1.3.0"
    async-each "^1.0.0"
    glob-parent "^2.0.0"
    inherits "^2.0.1"
    is-binary-path "^1.0.0"
    is-glob "^2.0.0"
    path-is-absolute "^1.0.0"
    readdirp "^2.0.0"
  optionalDependencies:
    fsevents "^1.0.0"

cli-boxes@^1.0.0:
  version "1.0.0"
  resolved "https://registry.npmjs.org/cli-boxes/-/cli-boxes-1.0.0.tgz"

code-point-at@^1.0.0:
  version "1.1.0"
  resolved "https://registry.npmjs.org/code-point-at/-/code-point-at-1.1.0.tgz"

color-convert@^1.9.0:
  version "1.9.0"
  resolved "https://registry.npmjs.org/color-convert/-/color-convert-1.9.0.tgz"
  dependencies:
    color-name "^1.1.1"

color-name@^1.1.1:
  version "1.1.3"
  resolved "https://registry.npmjs.org/color-name/-/color-name-1.1.3.tgz"

commander@2.6.0:
  version "2.6.0"
  resolved "https://registry.npmjs.org/commander/-/commander-2.6.0.tgz"

concat-map@0.0.1:
  version "0.0.1"
  resolved "https://registry.npmjs.org/concat-map/-/concat-map-0.0.1.tgz"

concurrently@^3.5.0:
  version "3.5.0"
  resolved "https://registry.npmjs.org/concurrently/-/concurrently-3.5.0.tgz"
  dependencies:
    chalk "0.5.1"
    commander "2.6.0"
    date-fns "^1.23.0"
    lodash "^4.5.1"
    rx "2.3.24"
    spawn-command "^0.0.2-1"
    supports-color "^3.2.3"
    tree-kill "^1.1.0"

configstore@^3.0.0:
  version "3.1.1"
  resolved "https://registry.npmjs.org/configstore/-/configstore-3.1.1.tgz"
  dependencies:
    dot-prop "^4.1.0"
    graceful-fs "^4.1.2"
    make-dir "^1.0.0"
    unique-string "^1.0.0"
    write-file-atomic "^2.0.0"
    xdg-basedir "^3.0.0"

content-disposition@0.5.2:
  version "0.5.2"
  resolved "https://registry.npmjs.org/content-disposition/-/content-disposition-0.5.2.tgz"

content-type@~1.0.2, content-type@~1.0.4:
  version "1.0.4"
  resolved "https://registry.npmjs.org/content-type/-/content-type-1.0.4.tgz"

cookie-session@^1.3.1:
  version "1.3.2"
  resolved "https://registry.npmjs.org/cookie-session/-/cookie-session-1.3.2.tgz"
  dependencies:
    cookies "0.7.1"
    debug "2.6.9"
    on-headers "~1.0.1"

cookie-signature@1.0.6:
  version "1.0.6"
  resolved "https://registry.npmjs.org/cookie-signature/-/cookie-signature-1.0.6.tgz"

cookie@0.3.1:
  version "0.3.1"
  resolved "https://registry.npmjs.org/cookie/-/cookie-0.3.1.tgz"

cookies@0.7.1:
  version "0.7.1"
  resolved "https://registry.npmjs.org/cookies/-/cookies-0.7.1.tgz"
  dependencies:
    depd "~1.1.1"
    keygrip "~1.0.2"

core-util-is@~1.0.0:
  version "1.0.2"
  resolved "https://registry.npmjs.org/core-util-is/-/core-util-is-1.0.2.tgz"

create-error-class@^3.0.0:
  version "3.0.2"
  resolved "https://registry.npmjs.org/create-error-class/-/create-error-class-3.0.2.tgz"
  dependencies:
    capture-stack-trace "^1.0.0"

cross-spawn@^5.0.1:
  version "5.1.0"
  resolved "https://registry.npmjs.org/cross-spawn/-/cross-spawn-5.1.0.tgz"
  dependencies:
    lru-cache "^4.0.1"
    shebang-command "^1.2.0"
    which "^1.2.9"

crypto-random-string@^1.0.0:
  version "1.0.0"
  resolved "https://registry.npmjs.org/crypto-random-string/-/crypto-random-string-1.0.0.tgz"

date-fns@^1.23.0:
  version "1.28.5"
  resolved "https://registry.npmjs.org/date-fns/-/date-fns-1.28.5.tgz"

debug@2.6.9, debug@^2.4.5, debug@^2.6.8:
  version "2.6.9"
  resolved "https://registry.npmjs.org/debug/-/debug-2.6.9.tgz"
  dependencies:
    ms "2.0.0"

debug@3.1.0:
  version "3.1.0"
  resolved "https://registry.yarnpkg.com/debug/-/debug-3.1.0.tgz#5bb5a0672628b64149566ba16819e61518c67261"
  dependencies:
    ms "2.0.0"

deep-extend@~0.4.0:
  version "0.4.2"
  resolved "https://registry.npmjs.org/deep-extend/-/deep-extend-0.4.2.tgz"

depd@1.1.1, depd@~1.1.1:
  version "1.1.1"
  resolved "https://registry.npmjs.org/depd/-/depd-1.1.1.tgz"

destroy@~1.0.4:
  version "1.0.4"
  resolved "https://registry.npmjs.org/destroy/-/destroy-1.0.4.tgz"

dns-packet@^1.1.0:
  version "1.2.2"
  resolved "https://registry.npmjs.org/dns-packet/-/dns-packet-1.2.2.tgz"
  dependencies:
    ip "^1.1.0"
    safe-buffer "^5.0.1"

dns-socket@^1.6.1:
  version "1.6.2"
  resolved "https://registry.npmjs.org/dns-socket/-/dns-socket-1.6.2.tgz"
  dependencies:
    dns-packet "^1.1.0"

dot-prop@^4.1.0:
  version "4.2.0"
  resolved "https://registry.npmjs.org/dot-prop/-/dot-prop-4.2.0.tgz"
  dependencies:
    is-obj "^1.0.0"

duplexer3@^0.1.4:
  version "0.1.4"
  resolved "https://registry.npmjs.org/duplexer3/-/duplexer3-0.1.4.tgz"

duplexer@~0.1.1:
  version "0.1.1"
  resolved "https://registry.npmjs.org/duplexer/-/duplexer-0.1.1.tgz"

ee-first@1.1.1:
  version "1.1.1"
  resolved "https://registry.npmjs.org/ee-first/-/ee-first-1.1.1.tgz"

encodeurl@~1.0.1:
  version "1.0.1"
  resolved "https://registry.npmjs.org/encodeurl/-/encodeurl-1.0.1.tgz"

es6-promise@^3.3.1:
  version "3.3.1"
  resolved "https://registry.npmjs.org/es6-promise/-/es6-promise-3.3.1.tgz"

escape-html@~1.0.3:
  version "1.0.3"
  resolved "https://registry.npmjs.org/escape-html/-/escape-html-1.0.3.tgz"

escape-string-regexp@^1.0.0, escape-string-regexp@^1.0.2, escape-string-regexp@^1.0.5:
  version "1.0.5"
  resolved "https://registry.npmjs.org/escape-string-regexp/-/escape-string-regexp-1.0.5.tgz"

etag@~1.8.0, etag@~1.8.1:
  version "1.8.1"
  resolved "https://registry.npmjs.org/etag/-/etag-1.8.1.tgz"

event-stream@~3.3.0:
  version "3.3.4"
  resolved "https://registry.npmjs.org/event-stream/-/event-stream-3.3.4.tgz"
  dependencies:
    duplexer "~0.1.1"
    from "~0"
    map-stream "~0.1.0"
    pause-stream "0.0.11"
    split "0.3"
    stream-combiner "~0.0.4"
    through "~2.3.1"

execa@^0.7.0:
  version "0.7.0"
  resolved "https://registry.npmjs.org/execa/-/execa-0.7.0.tgz"
  dependencies:
    cross-spawn "^5.0.1"
    get-stream "^3.0.0"
    is-stream "^1.1.0"
    npm-run-path "^2.0.0"
    p-finally "^1.0.0"
    signal-exit "^3.0.0"
    strip-eof "^1.0.0"

expand-brackets@^0.1.4:
  version "0.1.5"
  resolved "https://registry.npmjs.org/expand-brackets/-/expand-brackets-0.1.5.tgz"
  dependencies:
    is-posix-bracket "^0.1.0"

expand-range@^1.8.1:
  version "1.8.2"
  resolved "https://registry.npmjs.org/expand-range/-/expand-range-1.8.2.tgz"
  dependencies:
    fill-range "^2.1.0"

express@^4.15.4:
  version "4.15.5"
  resolved "https://registry.npmjs.org/express/-/express-4.15.5.tgz"
  dependencies:
    accepts "~1.3.3"
    array-flatten "1.1.1"
    content-disposition "0.5.2"
    content-type "~1.0.2"
    cookie "0.3.1"
    cookie-signature "1.0.6"
    debug "2.6.9"
    depd "~1.1.1"
    encodeurl "~1.0.1"
    escape-html "~1.0.3"
    etag "~1.8.0"
    finalhandler "~1.0.6"
    fresh "0.5.2"
    merge-descriptors "1.0.1"
    methods "~1.1.2"
    on-finished "~2.3.0"
    parseurl "~1.3.1"
    path-to-regexp "0.1.7"
    proxy-addr "~1.1.5"
    qs "6.5.0"
    range-parser "~1.2.0"
    send "0.15.6"
    serve-static "1.12.6"
    setprototypeof "1.0.3"
    statuses "~1.3.1"
    type-is "~1.6.15"
    utils-merge "1.0.0"
    vary "~1.1.1"

extglob@^0.3.1:
  version "0.3.2"
  resolved "https://registry.npmjs.org/extglob/-/extglob-0.3.2.tgz"
  dependencies:
    is-extglob "^1.0.0"

file-uri-to-path@1.0.0:
  version "1.0.0"
  resolved "https://registry.yarnpkg.com/file-uri-to-path/-/file-uri-to-path-1.0.0.tgz#553a7b8446ff6f684359c445f1e37a05dacc33dd"

filename-regex@^2.0.0:
  version "2.0.1"
  resolved "https://registry.npmjs.org/filename-regex/-/filename-regex-2.0.1.tgz"

fill-range@^2.1.0:
  version "2.2.3"
  resolved "https://registry.npmjs.org/fill-range/-/fill-range-2.2.3.tgz"
  dependencies:
    is-number "^2.1.0"
    isobject "^2.0.0"
    randomatic "^1.1.3"
    repeat-element "^1.1.2"
    repeat-string "^1.5.2"

finalhandler@~1.0.6:
  version "1.0.6"
  resolved "https://registry.npmjs.org/finalhandler/-/finalhandler-1.0.6.tgz"
  dependencies:
    debug "2.6.9"
    encodeurl "~1.0.1"
    escape-html "~1.0.3"
    on-finished "~2.3.0"
    parseurl "~1.3.2"
    statuses "~1.3.1"
    unpipe "~1.0.0"

follow-redirects@^1.2.3:
  version "1.2.4"
  resolved "https://registry.npmjs.org/follow-redirects/-/follow-redirects-1.2.4.tgz"
  dependencies:
    debug "^2.4.5"

for-in@^1.0.1:
  version "1.0.2"
  resolved "https://registry.npmjs.org/for-in/-/for-in-1.0.2.tgz"

for-own@^0.1.4:
  version "0.1.5"
  resolved "https://registry.npmjs.org/for-own/-/for-own-0.1.5.tgz"
  dependencies:
    for-in "^1.0.1"

forwarded@~0.1.0:
  version "0.1.2"
  resolved "https://registry.npmjs.org/forwarded/-/forwarded-0.1.2.tgz"

fresh@0.5.2:
  version "0.5.2"
  resolved "https://registry.npmjs.org/fresh/-/fresh-0.5.2.tgz"

from@~0:
  version "0.1.7"
  resolved "https://registry.npmjs.org/from/-/from-0.1.7.tgz"

fsevents@^1.0.0:
  version "1.2.13"
  resolved "https://registry.yarnpkg.com/fsevents/-/fsevents-1.2.13.tgz#f325cb0455592428bcf11b383370ef70e3bfcc38"
  dependencies:
    bindings "^1.5.0"
    nan "^2.12.1"

get-stream@^3.0.0:
  version "3.0.0"
  resolved "https://registry.npmjs.org/get-stream/-/get-stream-3.0.0.tgz"

glob-base@^0.3.0:
  version "0.3.0"
  resolved "https://registry.npmjs.org/glob-base/-/glob-base-0.3.0.tgz"
  dependencies:
    glob-parent "^2.0.0"
    is-glob "^2.0.0"

glob-parent@^2.0.0:
  version "2.0.0"
  resolved "https://registry.npmjs.org/glob-parent/-/glob-parent-2.0.0.tgz"
  dependencies:
    is-glob "^2.0.0"

got@^6.7.1:
  version "6.7.1"
  resolved "https://registry.npmjs.org/got/-/got-6.7.1.tgz"
  dependencies:
    create-error-class "^3.0.0"
    duplexer3 "^0.1.4"
    get-stream "^3.0.0"
    is-redirect "^1.0.0"
    is-retry-allowed "^1.0.0"
    is-stream "^1.0.0"
    lowercase-keys "^1.0.0"
    safe-buffer "^5.0.1"
    timed-out "^4.0.0"
    unzip-response "^2.0.1"
    url-parse-lax "^1.0.0"

graceful-fs@^4.1.11, graceful-fs@^4.1.2:
  version "4.1.11"
  resolved "https://registry.npmjs.org/graceful-fs/-/graceful-fs-4.1.11.tgz"

has-ansi@^0.1.0:
  version "0.1.0"
  resolved "https://registry.npmjs.org/has-ansi/-/has-ansi-0.1.0.tgz"
  dependencies:
    ansi-regex "^0.2.0"

has-ansi@^2.0.0:
  version "2.0.0"
  resolved "https://registry.npmjs.org/has-ansi/-/has-ansi-2.0.0.tgz"
  dependencies:
    ansi-regex "^2.0.0"

has-flag@^1.0.0:
  version "1.0.0"
  resolved "https://registry.npmjs.org/has-flag/-/has-flag-1.0.0.tgz"

has-flag@^2.0.0:
  version "2.0.0"
  resolved "https://registry.npmjs.org/has-flag/-/has-flag-2.0.0.tgz"

http-errors@1.6.2, http-errors@~1.6.2:
  version "1.6.2"
  resolved "https://registry.npmjs.org/http-errors/-/http-errors-1.6.2.tgz"
  dependencies:
    depd "1.1.1"
    inherits "2.0.3"
    setprototypeof "1.0.3"
    statuses ">= 1.3.1 < 2"

iconv-lite@0.4.19:
  version "0.4.19"
  resolved "https://registry.npmjs.org/iconv-lite/-/iconv-lite-0.4.19.tgz"

ignore-by-default@^1.0.1:
  version "1.0.1"
  resolved "https://registry.npmjs.org/ignore-by-default/-/ignore-by-default-1.0.1.tgz"

import-lazy@^2.1.0:
  version "2.1.0"
  resolved "https://registry.npmjs.org/import-lazy/-/import-lazy-2.1.0.tgz"

imurmurhash@^0.1.4:
  version "0.1.4"
  resolved "https://registry.npmjs.org/imurmurhash/-/imurmurhash-0.1.4.tgz"

inherits@2.0.3, inherits@^2.0.1, inherits@~2.0.1:
  version "2.0.3"
  resolved "https://registry.npmjs.org/inherits/-/inherits-2.0.3.tgz"

ini@~1.3.0:
  version "1.3.4"
  resolved "https://registry.npmjs.org/ini/-/ini-1.3.4.tgz"

ip-regex@^2.0.0:
  version "2.1.0"
  resolved "https://registry.npmjs.org/ip-regex/-/ip-regex-2.1.0.tgz"

ip@^1.1.0:
  version "1.1.5"
  resolved "https://registry.npmjs.org/ip/-/ip-1.1.5.tgz"

ipaddr.js@1.4.0:
  version "1.4.0"
  resolved "https://registry.npmjs.org/ipaddr.js/-/ipaddr.js-1.4.0.tgz"

is-binary-path@^1.0.0:
  version "1.0.1"
  resolved "https://registry.npmjs.org/is-binary-path/-/is-binary-path-1.0.1.tgz"
  dependencies:
    binary-extensions "^1.0.0"

is-buffer@^1.1.5:
  version "1.1.5"
  resolved "https://registry.npmjs.org/is-buffer/-/is-buffer-1.1.5.tgz"

is-dotfile@^1.0.0:
  version "1.0.3"
  resolved "https://registry.npmjs.org/is-dotfile/-/is-dotfile-1.0.3.tgz"

is-equal-shallow@^0.1.3:
  version "0.1.3"
  resolved "https://registry.npmjs.org/is-equal-shallow/-/is-equal-shallow-0.1.3.tgz"
  dependencies:
    is-primitive "^2.0.0"

is-extendable@^0.1.1:
  version "0.1.1"
  resolved "https://registry.npmjs.org/is-extendable/-/is-extendable-0.1.1.tgz"

is-extglob@^1.0.0:
  version "1.0.0"
  resolved "https://registry.npmjs.org/is-extglob/-/is-extglob-1.0.0.tgz"

is-fullwidth-code-point@^1.0.0:
  version "1.0.0"
  resolved "https://registry.npmjs.org/is-fullwidth-code-point/-/is-fullwidth-code-point-1.0.0.tgz"
  dependencies:
    number-is-nan "^1.0.0"

is-fullwidth-code-point@^2.0.0:
  version "2.0.0"
  resolved "https://registry.npmjs.org/is-fullwidth-code-point/-/is-fullwidth-code-point-2.0.0.tgz"

is-glob@^2.0.0, is-glob@^2.0.1:
  version "2.0.1"
  resolved "https://registry.npmjs.org/is-glob/-/is-glob-2.0.1.tgz"
  dependencies:
    is-extglob "^1.0.0"

is-ip@^2.0.0:
  version "2.0.0"
  resolved "https://registry.npmjs.org/is-ip/-/is-ip-2.0.0.tgz"
  dependencies:
    ip-regex "^2.0.0"

is-npm@^1.0.0:
  version "1.0.0"
  resolved "https://registry.npmjs.org/is-npm/-/is-npm-1.0.0.tgz"

is-number@^2.1.0:
  version "2.1.0"
  resolved "https://registry.npmjs.org/is-number/-/is-number-2.1.0.tgz"
  dependencies:
    kind-of "^3.0.2"

is-number@^3.0.0:
  version "3.0.0"
  resolved "https://registry.npmjs.org/is-number/-/is-number-3.0.0.tgz"
  dependencies:
    kind-of "^3.0.2"

is-obj@^1.0.0:
  version "1.0.1"
  resolved "https://registry.npmjs.org/is-obj/-/is-obj-1.0.1.tgz"

is-posix-bracket@^0.1.0:
  version "0.1.1"
  resolved "https://registry.npmjs.org/is-posix-bracket/-/is-posix-bracket-0.1.1.tgz"

is-primitive@^2.0.0:
  version "2.0.0"
  resolved "https://registry.npmjs.org/is-primitive/-/is-primitive-2.0.0.tgz"

is-redirect@^1.0.0:
  version "1.0.0"
  resolved "https://registry.npmjs.org/is-redirect/-/is-redirect-1.0.0.tgz"

is-retry-allowed@^1.0.0:
  version "1.1.0"
  resolved "https://registry.npmjs.org/is-retry-allowed/-/is-retry-allowed-1.1.0.tgz"

is-stream@^1.0.0, is-stream@^1.1.0:
  version "1.1.0"
  resolved "https://registry.npmjs.org/is-stream/-/is-stream-1.1.0.tgz"

isarray@1.0.0, isarray@~1.0.0:
  version "1.0.0"
  resolved "https://registry.npmjs.org/isarray/-/isarray-1.0.0.tgz"

isexe@^2.0.0:
  version "2.0.0"
  resolved "https://registry.npmjs.org/isexe/-/isexe-2.0.0.tgz"

isobject@^2.0.0:
  version "2.1.0"
  resolved "https://registry.npmjs.org/isobject/-/isobject-2.1.0.tgz"
  dependencies:
    isarray "1.0.0"

kareem@2.3.1:
  version "2.3.1"
  resolved "https://registry.yarnpkg.com/kareem/-/kareem-2.3.1.tgz#def12d9c941017fabfb00f873af95e9c99e1be87"

keygrip@~1.0.2:
  version "1.0.2"
  resolved "https://registry.npmjs.org/keygrip/-/keygrip-1.0.2.tgz"

kind-of@^3.0.2:
  version "3.2.2"
  resolved "https://registry.npmjs.org/kind-of/-/kind-of-3.2.2.tgz"
  dependencies:
    is-buffer "^1.1.5"

kind-of@^4.0.0:
  version "4.0.0"
  resolved "https://registry.npmjs.org/kind-of/-/kind-of-4.0.0.tgz"
  dependencies:
    is-buffer "^1.1.5"

latest-version@^3.0.0:
  version "3.1.0"
  resolved "https://registry.npmjs.org/latest-version/-/latest-version-3.1.0.tgz"
  dependencies:
    package-json "^4.0.0"

lodash._baseassign@^3.0.0:
  version "3.2.0"
  resolved "https://registry.npmjs.org/lodash._baseassign/-/lodash._baseassign-3.2.0.tgz"
  dependencies:
    lodash._basecopy "^3.0.0"
    lodash.keys "^3.0.0"

lodash._basecopy@^3.0.0:
  version "3.0.1"
  resolved "https://registry.npmjs.org/lodash._basecopy/-/lodash._basecopy-3.0.1.tgz"

lodash._bindcallback@^3.0.0:
  version "3.0.1"
  resolved "https://registry.npmjs.org/lodash._bindcallback/-/lodash._bindcallback-3.0.1.tgz"

lodash._createassigner@^3.0.0:
  version "3.1.1"
  resolved "https://registry.npmjs.org/lodash._createassigner/-/lodash._createassigner-3.1.1.tgz"
  dependencies:
    lodash._bindcallback "^3.0.0"
    lodash._isiterateecall "^3.0.0"
    lodash.restparam "^3.0.0"

lodash._getnative@^3.0.0:
  version "3.9.1"
  resolved "https://registry.npmjs.org/lodash._getnative/-/lodash._getnative-3.9.1.tgz"

lodash._isiterateecall@^3.0.0:
  version "3.0.9"
  resolved "https://registry.npmjs.org/lodash._isiterateecall/-/lodash._isiterateecall-3.0.9.tgz"

lodash.assign@^3.0.0:
  version "3.2.0"
  resolved "https://registry.npmjs.org/lodash.assign/-/lodash.assign-3.2.0.tgz"
  dependencies:
    lodash._baseassign "^3.0.0"
    lodash._createassigner "^3.0.0"
    lodash.keys "^3.0.0"

lodash.defaults@^3.1.2:
  version "3.1.2"
  resolved "https://registry.npmjs.org/lodash.defaults/-/lodash.defaults-3.1.2.tgz"
  dependencies:
    lodash.assign "^3.0.0"
    lodash.restparam "^3.0.0"

lodash.isarguments@^3.0.0:
  version "3.1.0"
  resolved "https://registry.npmjs.org/lodash.isarguments/-/lodash.isarguments-3.1.0.tgz"

lodash.isarray@^3.0.0:
  version "3.0.4"
  resolved "https://registry.npmjs.org/lodash.isarray/-/lodash.isarray-3.0.4.tgz"

lodash.keys@^3.0.0:
  version "3.1.2"
  resolved "https://registry.npmjs.org/lodash.keys/-/lodash.keys-3.1.2.tgz"
  dependencies:
    lodash._getnative "^3.0.0"
    lodash.isarguments "^3.0.0"
    lodash.isarray "^3.0.0"

lodash.restparam@^3.0.0:
  version "3.6.1"
  resolved "https://registry.npmjs.org/lodash.restparam/-/lodash.restparam-3.6.1.tgz"

lodash@^4.5.1:
  version "4.17.4"
  resolved "https://registry.npmjs.org/lodash/-/lodash-4.17.4.tgz"

lowercase-keys@^1.0.0:
  version "1.0.0"
  resolved "https://registry.npmjs.org/lowercase-keys/-/lowercase-keys-1.0.0.tgz"

lru-cache@^4.0.1:
  version "4.1.1"
  resolved "https://registry.npmjs.org/lru-cache/-/lru-cache-4.1.1.tgz"
  dependencies:
    pseudomap "^1.0.2"
    yallist "^2.1.2"

make-dir@^1.0.0:
  version "1.0.0"
  resolved "https://registry.npmjs.org/make-dir/-/make-dir-1.0.0.tgz"
  dependencies:
    pify "^2.3.0"

map-stream@~0.1.0:
  version "0.1.0"
  resolved "https://registry.npmjs.org/map-stream/-/map-stream-0.1.0.tgz"

media-typer@0.3.0:
  version "0.3.0"
  resolved "https://registry.npmjs.org/media-typer/-/media-typer-0.3.0.tgz"

merge-descriptors@1.0.1:
  version "1.0.1"
  resolved "https://registry.npmjs.org/merge-descriptors/-/merge-descriptors-1.0.1.tgz"

methods@~1.1.2:
  version "1.1.2"
  resolved "https://registry.npmjs.org/methods/-/methods-1.1.2.tgz"

micromatch@^2.1.5:
  version "2.3.11"
  resolved "https://registry.npmjs.org/micromatch/-/micromatch-2.3.11.tgz"
  dependencies:
    arr-diff "^2.0.0"
    array-unique "^0.2.1"
    braces "^1.8.2"
    expand-brackets "^0.1.4"
    extglob "^0.3.1"
    filename-regex "^2.0.0"
    is-extglob "^1.0.0"
    is-glob "^2.0.1"
    kind-of "^3.0.2"
    normalize-path "^2.0.1"
    object.omit "^2.0.0"
    parse-glob "^3.0.4"
    regex-cache "^0.4.2"

mime-db@~1.30.0:
  version "1.30.0"
  resolved "https://registry.npmjs.org/mime-db/-/mime-db-1.30.0.tgz"

mime-types@~2.1.15, mime-types@~2.1.16:
  version "2.1.17"
  resolved "https://registry.npmjs.org/mime-types/-/mime-types-2.1.17.tgz"
  dependencies:
    mime-db "~1.30.0"

mime@1.3.4:
  version "1.3.4"
  resolved "https://registry.npmjs.org/mime/-/mime-1.3.4.tgz"

minimatch@^3.0.2, minimatch@^3.0.4:
  version "3.0.4"
  resolved "https://registry.npmjs.org/minimatch/-/minimatch-3.0.4.tgz"
  dependencies:
    brace-expansion "^1.1.7"

minimist@^1.2.0:
  version "1.2.0"
  resolved "https://registry.npmjs.org/minimist/-/minimist-1.2.0.tgz"

mongodb@3.3.2:
  version "3.3.2"
  resolved "https://registry.yarnpkg.com/mongodb/-/mongodb-3.3.2.tgz#ff086b5f552cf07e24ce098694210f3d42d668b2"
  dependencies:
    bson "^1.1.1"
    require_optional "^1.0.1"
    safe-buffer "^5.1.2"

mongoose-legacy-pluralize@1.0.2:
  version "1.0.2"
  resolved "https://registry.yarnpkg.com/mongoose-legacy-pluralize/-/mongoose-legacy-pluralize-1.0.2.tgz#3ba9f91fa507b5186d399fb40854bff18fb563e4"

mongoose@^5.7.5:
  version "5.7.5"
  resolved "https://registry.yarnpkg.com/mongoose/-/mongoose-5.7.5.tgz#b787b47216edf62036aa358c3ef0f1869c46cdc2"
  dependencies:
    bson "~1.1.1"
    kareem "2.3.1"
    mongodb "3.3.2"
    mongoose-legacy-pluralize "1.0.2"
    mpath "0.6.0"
    mquery "3.2.2"
    ms "2.1.2"
    regexp-clone "1.0.0"
    safe-buffer "5.1.2"
    sift "7.0.1"
    sliced "1.0.1"

mpath@0.6.0:
  version "0.6.0"
  resolved "https://registry.yarnpkg.com/mpath/-/mpath-0.6.0.tgz#aa922029fca4f0f641f360e74c5c1b6a4c47078e"

mquery@3.2.2:
  version "3.2.2"
  resolved "https://registry.yarnpkg.com/mquery/-/mquery-3.2.2.tgz#e1383a3951852ce23e37f619a9b350f1fb3664e7"
  dependencies:
    bluebird "3.5.1"
    debug "3.1.0"
    regexp-clone "^1.0.0"
    safe-buffer "5.1.2"
    sliced "1.0.1"

ms@2.0.0:
  version "2.0.0"
  resolved "https://registry.npmjs.org/ms/-/ms-2.0.0.tgz"

ms@2.1.2:
  version "2.1.2"
  resolved "https://registry.yarnpkg.com/ms/-/ms-2.1.2.tgz#d09d1f357b443f493382a8eb3ccd183872ae6009"

nan@^2.12.1:
  version "2.16.0"
  resolved "https://registry.yarnpkg.com/nan/-/nan-2.16.0.tgz#664f43e45460fb98faf00edca0bb0d7b8dce7916"

negotiator@0.6.1:
  version "0.6.1"
  resolved "https://registry.npmjs.org/negotiator/-/negotiator-0.6.1.tgz"

nodemon@^1.12.1:
  version "1.12.1"
  resolved "https://registry.npmjs.org/nodemon/-/nodemon-1.12.1.tgz"
  dependencies:
    chokidar "^1.7.0"
    debug "^2.6.8"
    es6-promise "^3.3.1"
    ignore-by-default "^1.0.1"
    lodash.defaults "^3.1.2"
    minimatch "^3.0.4"
    ps-tree "^1.1.0"
    touch "^3.1.0"
    undefsafe "0.0.3"
    update-notifier "^2.2.0"

nopt@~1.0.10:
  version "1.0.10"
  resolved "https://registry.npmjs.org/nopt/-/nopt-1.0.10.tgz"
  dependencies:
    abbrev "1"

normalize-path@^2.0.0, normalize-path@^2.0.1:
  version "2.1.1"
  resolved "https://registry.npmjs.org/normalize-path/-/normalize-path-2.1.1.tgz"
  dependencies:
    remove-trailing-separator "^1.0.1"

npm-run-path@^2.0.0:
  version "2.0.2"
  resolved "https://registry.npmjs.org/npm-run-path/-/npm-run-path-2.0.2.tgz"
  dependencies:
    path-key "^2.0.0"

number-is-nan@^1.0.0:
  version "1.0.1"
  resolved "https://registry.npmjs.org/number-is-nan/-/number-is-nan-1.0.1.tgz"

oauth@0.9.x:
  version "0.9.15"
  resolved "https://registry.npmjs.org/oauth/-/oauth-0.9.15.tgz"

object.omit@^2.0.0:
  version "2.0.1"
  resolved "https://registry.npmjs.org/object.omit/-/object.omit-2.0.1.tgz"
  dependencies:
    for-own "^0.1.4"
    is-extendable "^0.1.1"

on-finished@~2.3.0:
  version "2.3.0"
  resolved "https://registry.npmjs.org/on-finished/-/on-finished-2.3.0.tgz"
  dependencies:
    ee-first "1.1.1"

on-headers@~1.0.1:
  version "1.0.1"
  resolved "https://registry.npmjs.org/on-headers/-/on-headers-1.0.1.tgz"

p-finally@^1.0.0:
  version "1.0.0"
  resolved "https://registry.npmjs.org/p-finally/-/p-finally-1.0.0.tgz"

package-json@^4.0.0:
  version "4.0.1"
  resolved "https://registry.npmjs.org/package-json/-/package-json-4.0.1.tgz"
  dependencies:
    got "^6.7.1"
    registry-auth-token "^3.0.1"
    registry-url "^3.0.3"
    semver "^5.1.0"

parse-glob@^3.0.4:
  version "3.0.4"
  resolved "https://registry.npmjs.org/parse-glob/-/parse-glob-3.0.4.tgz"
  dependencies:
    glob-base "^0.3.0"
    is-dotfile "^1.0.0"
    is-extglob "^1.0.0"
    is-glob "^2.0.0"

parseurl@~1.3.1, parseurl@~1.3.2:
  version "1.3.2"
  resolved "https://registry.npmjs.org/parseurl/-/parseurl-1.3.2.tgz"

passport-google-oauth20@^1.0.0:
  version "1.0.0"
  resolved "https://registry.npmjs.org/passport-google-oauth20/-/passport-google-oauth20-1.0.0.tgz"
  dependencies:
    passport-oauth2 "1.x.x"

passport-oauth2@1.x.x:
  version "1.4.0"
  resolved "https://registry.npmjs.org/passport-oauth2/-/passport-oauth2-1.4.0.tgz"
  dependencies:
    oauth "0.9.x"
    passport-strategy "1.x.x"
    uid2 "0.0.x"
    utils-merge "1.x.x"

passport-strategy@1.x.x:
  version "1.0.0"
  resolved "https://registry.npmjs.org/passport-strategy/-/passport-strategy-1.0.0.tgz"

passport@^0.4.0:
  version "0.4.0"
  resolved "https://registry.npmjs.org/passport/-/passport-0.4.0.tgz"
  dependencies:
    passport-strategy "1.x.x"
    pause "0.0.1"

path-is-absolute@^1.0.0:
  version "1.0.1"
  resolved "https://registry.npmjs.org/path-is-absolute/-/path-is-absolute-1.0.1.tgz"

path-key@^2.0.0:
  version "2.0.1"
  resolved "https://registry.npmjs.org/path-key/-/path-key-2.0.1.tgz"

path-to-regexp@0.1.7:
  version "0.1.7"
  resolved "https://registry.npmjs.org/path-to-regexp/-/path-to-regexp-0.1.7.tgz"

pause-stream@0.0.11:
  version "0.0.11"
  resolved "https://registry.npmjs.org/pause-stream/-/pause-stream-0.0.11.tgz"
  dependencies:
    through "~2.3"

pause@0.0.1:
  version "0.0.1"
  resolved "https://registry.npmjs.org/pause/-/pause-0.0.1.tgz"

pify@^2.3.0:
  version "2.3.0"
  resolved "https://registry.npmjs.org/pify/-/pify-2.3.0.tgz"

prepend-http@^1.0.1:
  version "1.0.4"
  resolved "https://registry.npmjs.org/prepend-http/-/prepend-http-1.0.4.tgz"

preserve@^0.2.0:
  version "0.2.0"
  resolved "https://registry.npmjs.org/preserve/-/preserve-0.2.0.tgz"

process-nextick-args@~1.0.6:
  version "1.0.7"
  resolved "https://registry.npmjs.org/process-nextick-args/-/process-nextick-args-1.0.7.tgz"

proxy-addr@~1.1.5:
  version "1.1.5"
  resolved "https://registry.npmjs.org/proxy-addr/-/proxy-addr-1.1.5.tgz"
  dependencies:
    forwarded "~0.1.0"
    ipaddr.js "1.4.0"

ps-tree@^1.1.0:
  version "1.1.0"
  resolved "https://registry.npmjs.org/ps-tree/-/ps-tree-1.1.0.tgz"
  dependencies:
    event-stream "~3.3.0"

pseudomap@^1.0.2:
  version "1.0.2"
  resolved "https://registry.npmjs.org/pseudomap/-/pseudomap-1.0.2.tgz"

public-ip@^2.3.5:
  version "2.3.5"
  resolved "https://registry.npmjs.org/public-ip/-/public-ip-2.3.5.tgz"
  dependencies:
    dns-socket "^1.6.1"
    got "^6.7.1"
    is-ip "^2.0.0"
    pify "^2.3.0"

qs@6.5.0:
  version "6.5.0"
  resolved "https://registry.npmjs.org/qs/-/qs-6.5.0.tgz"

qs@6.5.1:
  version "6.5.1"
  resolved "https://registry.npmjs.org/qs/-/qs-6.5.1.tgz"

randomatic@^1.1.3:
  version "1.1.7"
  resolved "https://registry.npmjs.org/randomatic/-/randomatic-1.1.7.tgz"
  dependencies:
    is-number "^3.0.0"
    kind-of "^4.0.0"

range-parser@~1.2.0:
  version "1.2.0"
  resolved "https://registry.npmjs.org/range-parser/-/range-parser-1.2.0.tgz"

raw-body@2.3.2:
  version "2.3.2"
  resolved "https://registry.npmjs.org/raw-body/-/raw-body-2.3.2.tgz"
  dependencies:
    bytes "3.0.0"
    http-errors "1.6.2"
    iconv-lite "0.4.19"
    unpipe "1.0.0"

rc@^1.0.1, rc@^1.1.6:
  version "1.2.1"
  resolved "https://registry.npmjs.org/rc/-/rc-1.2.1.tgz"
  dependencies:
    deep-extend "~0.4.0"
    ini "~1.3.0"
    minimist "^1.2.0"
    strip-json-comments "~2.0.1"

readable-stream@^2.0.2:
  version "2.2.7"
  resolved "https://registry.npmjs.org/readable-stream/-/readable-stream-2.2.7.tgz"
  dependencies:
    buffer-shims "~1.0.0"
    core-util-is "~1.0.0"
    inherits "~2.0.1"
    isarray "~1.0.0"
    process-nextick-args "~1.0.6"
    string_decoder "~1.0.0"
    util-deprecate "~1.0.1"

readdirp@^2.0.0:
  version "2.1.0"
  resolved "https://registry.npmjs.org/readdirp/-/readdirp-2.1.0.tgz"
  dependencies:
    graceful-fs "^4.1.2"
    minimatch "^3.0.2"
    readable-stream "^2.0.2"
    set-immediate-shim "^1.0.1"

regex-cache@^0.4.2:
  version "0.4.4"
  resolved "https://registry.npmjs.org/regex-cache/-/regex-cache-0.4.4.tgz"
  dependencies:
    is-equal-shallow "^0.1.3"

regexp-clone@1.0.0, regexp-clone@^1.0.0:
  version "1.0.0"
  resolved "https://registry.yarnpkg.com/regexp-clone/-/regexp-clone-1.0.0.tgz#222db967623277056260b992626354a04ce9bf63"

registry-auth-token@^3.0.1:
  version "3.3.1"
  resolved "https://registry.npmjs.org/registry-auth-token/-/registry-auth-token-3.3.1.tgz"
  dependencies:
    rc "^1.1.6"
    safe-buffer "^5.0.1"

registry-url@^3.0.3:
  version "3.1.0"
  resolved "https://registry.npmjs.org/registry-url/-/registry-url-3.1.0.tgz"
  dependencies:
    rc "^1.0.1"

remove-trailing-separator@^1.0.1:
  version "1.1.0"
  resolved "https://registry.npmjs.org/remove-trailing-separator/-/remove-trailing-separator-1.1.0.tgz"

repeat-element@^1.1.2:
  version "1.1.2"
  resolved "https://registry.npmjs.org/repeat-element/-/repeat-element-1.1.2.tgz"

repeat-string@^1.5.2:
  version "1.6.1"
  resolved "https://registry.npmjs.org/repeat-string/-/repeat-string-1.6.1.tgz"

require_optional@^1.0.1:
  version "1.0.1"
  resolved "https://registry.yarnpkg.com/require_optional/-/require_optional-1.0.1.tgz#4cf35a4247f64ca3df8c2ef208cc494b1ca8fc2e"
  dependencies:
    resolve-from "^2.0.0"
    semver "^5.1.0"

resolve-from@^2.0.0:
  version "2.0.0"
  resolved "https://registry.npmjs.org/resolve-from/-/resolve-from-2.0.0.tgz"

rx@2.3.24:
  version "2.3.24"
  resolved "https://registry.npmjs.org/rx/-/rx-2.3.24.tgz"

safe-buffer@5.1.2, safe-buffer@~5.1.0:
  version "5.1.2"
  resolved "https://registry.yarnpkg.com/safe-buffer/-/safe-buffer-5.1.2.tgz#991ec69d296e0313747d59bdfd2b745c35f8828d"

safe-buffer@^5.0.1, safe-buffer@^5.1.2:
  version "5.2.1"
  resolved "https://registry.yarnpkg.com/safe-buffer/-/safe-buffer-5.2.1.tgz#1eaf9fa9bdb1fdd4ec75f58f9cdb4e6b7827eec6"

semver-diff@^2.0.0:
  version "2.1.0"
  resolved "https://registry.npmjs.org/semver-diff/-/semver-diff-2.1.0.tgz"
  dependencies:
    semver "^5.0.3"

semver@^5.0.3, semver@^5.1.0:
  version "5.4.1"
  resolved "https://registry.npmjs.org/semver/-/semver-5.4.1.tgz"

send@0.15.6:
  version "0.15.6"
  resolved "https://registry.npmjs.org/send/-/send-0.15.6.tgz"
  dependencies:
    debug "2.6.9"
    depd "~1.1.1"
    destroy "~1.0.4"
    encodeurl "~1.0.1"
    escape-html "~1.0.3"
    etag "~1.8.1"
    fresh "0.5.2"
    http-errors "~1.6.2"
    mime "1.3.4"
    ms "2.0.0"
    on-finished "~2.3.0"
    range-parser "~1.2.0"
    statuses "~1.3.1"

serve-static@1.12.6:
  version "1.12.6"
  resolved "https://registry.npmjs.org/serve-static/-/serve-static-1.12.6.tgz"
  dependencies:
    encodeurl "~1.0.1"
    escape-html "~1.0.3"
    parseurl "~1.3.2"
    send "0.15.6"

set-immediate-shim@^1.0.1:
  version "1.0.1"
  resolved "https://registry.npmjs.org/set-immediate-shim/-/set-immediate-shim-1.0.1.tgz"

setprototypeof@1.0.3:
  version "1.0.3"
  resolved "https://registry.npmjs.org/setprototypeof/-/setprototypeof-1.0.3.tgz"

shebang-command@^1.2.0:
  version "1.2.0"
  resolved "https://registry.npmjs.org/shebang-command/-/shebang-command-1.2.0.tgz"
  dependencies:
    shebang-regex "^1.0.0"

shebang-regex@^1.0.0:
  version "1.0.0"
  resolved "https://registry.npmjs.org/shebang-regex/-/shebang-regex-1.0.0.tgz"

sift@7.0.1:
  version "7.0.1"
  resolved "https://registry.yarnpkg.com/sift/-/sift-7.0.1.tgz#47d62c50b159d316f1372f8b53f9c10cd21a4b08"

signal-exit@^3.0.0, signal-exit@^3.0.2:
  version "3.0.2"
  resolved "https://registry.npmjs.org/signal-exit/-/signal-exit-3.0.2.tgz"

sliced@1.0.1:
  version "1.0.1"
  resolved "https://registry.npmjs.org/sliced/-/sliced-1.0.1.tgz"

spawn-command@^0.0.2-1:
  version "0.0.2"
  resolved "https://registry.npmjs.org/spawn-command/-/spawn-command-0.0.2.tgz"

split@0.3:
  version "0.3.3"
  resolved "https://registry.npmjs.org/split/-/split-0.3.3.tgz"
  dependencies:
    through "2"

"statuses@>= 1.3.1 < 2", statuses@~1.3.1:
  version "1.3.1"
  resolved "https://registry.npmjs.org/statuses/-/statuses-1.3.1.tgz"

stream-combiner@~0.0.4:
  version "0.0.4"
  resolved "https://registry.npmjs.org/stream-combiner/-/stream-combiner-0.0.4.tgz"
  dependencies:
    duplexer "~0.1.1"

string-width@^1.0.1:
  version "1.0.2"
  resolved "https://registry.npmjs.org/string-width/-/string-width-1.0.2.tgz"
  dependencies:
    code-point-at "^1.0.0"
    is-fullwidth-code-point "^1.0.0"
    strip-ansi "^3.0.0"

string-width@^2.0.0:
  version "2.1.1"
  resolved "https://registry.npmjs.org/string-width/-/string-width-2.1.1.tgz"
  dependencies:
    is-fullwidth-code-point "^2.0.0"
    strip-ansi "^4.0.0"

string_decoder@~1.0.0:
  version "1.0.3"
  resolved "https://registry.npmjs.org/string_decoder/-/string_decoder-1.0.3.tgz"
  dependencies:
    safe-buffer "~5.1.0"

strip-ansi@^0.3.0:
  version "0.3.0"
  resolved "https://registry.npmjs.org/strip-ansi/-/strip-ansi-0.3.0.tgz"
  dependencies:
    ansi-regex "^0.2.1"

strip-ansi@^3.0.0:
  version "3.0.1"
  resolved "https://registry.npmjs.org/strip-ansi/-/strip-ansi-3.0.1.tgz"
  dependencies:
    ansi-regex "^2.0.0"

strip-ansi@^4.0.0:
  version "4.0.0"
  resolved "https://registry.npmjs.org/strip-ansi/-/strip-ansi-4.0.0.tgz"
  dependencies:
    ansi-regex "^3.0.0"

strip-eof@^1.0.0:
  version "1.0.0"
  resolved "https://registry.npmjs.org/strip-eof/-/strip-eof-1.0.0.tgz"

strip-json-comments@~2.0.1:
  version "2.0.1"
  resolved "https://registry.npmjs.org/strip-json-comments/-/strip-json-comments-2.0.1.tgz"

supports-color@^0.2.0:
  version "0.2.0"
  resolved "https://registry.npmjs.org/supports-color/-/supports-color-0.2.0.tgz"

supports-color@^2.0.0:
  version "2.0.0"
  resolved "https://registry.npmjs.org/supports-color/-/supports-color-2.0.0.tgz"

supports-color@^3.2.3:
  version "3.2.3"
  resolved "https://registry.npmjs.org/supports-color/-/supports-color-3.2.3.tgz"
  dependencies:
    has-flag "^1.0.0"

supports-color@^4.0.0:
  version "4.4.0"
  resolved "https://registry.npmjs.org/supports-color/-/supports-color-4.4.0.tgz"
  dependencies:
    has-flag "^2.0.0"

term-size@^1.2.0:
  version "1.2.0"
  resolved "https://registry.npmjs.org/term-size/-/term-size-1.2.0.tgz"
  dependencies:
    execa "^0.7.0"

through@2, through@~2.3, through@~2.3.1:
  version "2.3.8"
  resolved "https://registry.npmjs.org/through/-/through-2.3.8.tgz"

timed-out@^4.0.0:
  version "4.0.1"
  resolved "https://registry.npmjs.org/timed-out/-/timed-out-4.0.1.tgz"

touch@^3.1.0:
  version "3.1.0"
  resolved "https://registry.npmjs.org/touch/-/touch-3.1.0.tgz"
  dependencies:
    nopt "~1.0.10"

tree-kill@^1.1.0:
  version "1.1.0"
  resolved "https://registry.npmjs.org/tree-kill/-/tree-kill-1.1.0.tgz"

type-is@~1.6.15:
  version "1.6.15"
  resolved "https://registry.npmjs.org/type-is/-/type-is-1.6.15.tgz"
  dependencies:
    media-typer "0.3.0"
    mime-types "~2.1.15"

uid2@0.0.x:
  version "0.0.3"
  resolved "https://registry.npmjs.org/uid2/-/uid2-0.0.3.tgz"

undefsafe@0.0.3:
  version "0.0.3"
  resolved "https://registry.npmjs.org/undefsafe/-/undefsafe-0.0.3.tgz"

unique-string@^1.0.0:
  version "1.0.0"
  resolved "https://registry.npmjs.org/unique-string/-/unique-string-1.0.0.tgz"
  dependencies:
    crypto-random-string "^1.0.0"

unpipe@1.0.0, unpipe@~1.0.0:
  version "1.0.0"
  resolved "https://registry.npmjs.org/unpipe/-/unpipe-1.0.0.tgz"

unzip-response@^2.0.1:
  version "2.0.1"
  resolved "https://registry.npmjs.org/unzip-response/-/unzip-response-2.0.1.tgz"

update-notifier@^2.2.0:
  version "2.2.0"
  resolved "https://registry.npmjs.org/update-notifier/-/update-notifier-2.2.0.tgz"
  dependencies:
    boxen "^1.0.0"
    chalk "^1.0.0"
    configstore "^3.0.0"
    import-lazy "^2.1.0"
    is-npm "^1.0.0"
    latest-version "^3.0.0"
    semver-diff "^2.0.0"
    xdg-basedir "^3.0.0"

url-parse-lax@^1.0.0:
  version "1.0.0"
  resolved "https://registry.npmjs.org/url-parse-lax/-/url-parse-lax-1.0.0.tgz"
  dependencies:
    prepend-http "^1.0.1"

util-deprecate@~1.0.1:
  version "1.0.2"
  resolved "https://registry.npmjs.org/util-deprecate/-/util-deprecate-1.0.2.tgz"

utils-merge@1.0.0, utils-merge@1.x.x:
  version "1.0.0"
  resolved "https://registry.npmjs.org/utils-merge/-/utils-merge-1.0.0.tgz"

vary@~1.1.1:
  version "1.1.1"
  resolved "https://registry.npmjs.org/vary/-/vary-1.1.1.tgz"

which@^1.2.9:
  version "1.3.0"
  resolved "https://registry.npmjs.org/which/-/which-1.3.0.tgz"
  dependencies:
    isexe "^2.0.0"

widest-line@^1.0.0:
  version "1.0.0"
  resolved "https://registry.npmjs.org/widest-line/-/widest-line-1.0.0.tgz"
  dependencies:
    string-width "^1.0.1"

write-file-atomic@^2.0.0:
  version "2.3.0"
  resolved "https://registry.npmjs.org/write-file-atomic/-/write-file-atomic-2.3.0.tgz"
  dependencies:
    graceful-fs "^4.1.11"
    imurmurhash "^0.1.4"
    signal-exit "^3.0.2"

xdg-basedir@^3.0.0:
  version "3.0.0"
  resolved "https://registry.npmjs.org/xdg-basedir/-/xdg-basedir-3.0.0.tgz"

yallist@^2.1.2:
  version "2.1.2"
  resolved "https://registry.npmjs.org/yallist/-/yallist-2.1.2.tgz"
